PODS:
  - ZDBaseKit (0.2.2):
    - ZDBaseKit/ZDFoundation (= 0.2.2)
    - ZDBaseKit/ZDUIKit (= 0.2.2)
  - ZDBaseKit/ZDFoundation (0.2.2)
  - ZDBaseKit/ZDUIKit (0.2.2)

DEPENDENCIES:
  - ZDBaseKit (from `../`)

EXTERNAL SOURCES:
  ZDBaseKit:
    :path: "../"

SPEC CHECKSUMS:
  ZDBaseKit: 3c438a48fa0ea0e2b2c9872fd377e35dda53cccb

PODFILE CHECKSUM: 8271d99a7c5f3a71a9e4f806363a03b0829ad8df

COCOAPODS: 1.5.3
